PODS:
  - AFNetworking (4.0.1):
    - AFNetworking/NSURLSession (= 4.0.1)
    - AFNetworking/Reachability (= 4.0.1)
    - AFNetworking/Security (= 4.0.1)
    - AFNetworking/Serialization (= 4.0.1)
    - AFNetworking/UIKit (= 4.0.1)
  - AFNetworking/NSURLSession (4.0.1):
    - AFNetworking/Reachability
    - AFNetworking/Security
    - AFNetworking/Serialization
  - AFNetworking/Reachability (4.0.1)
  - AFNetworking/Security (4.0.1)
  - AFNetworking/Serialization (4.0.1)
  - AFNetworking/UIKit (4.0.1):
    - AFNetworking/NSURLSession
  - AgoraRtcEngine_iOS (3.7.0.3):
    - AgoraRtcEngine_iOS/AINS (= 3.7.0.3)
    - AgoraRtcEngine_iOS/AV1Dec (= 3.7.0.3)
    - AgoraRtcEngine_iOS/ContentInspect (= 3.7.0.3)
    - AgoraRtcEngine_iOS/FullAudioFormat (= 3.7.0.3)
    - AgoraRtcEngine_iOS/ReplayKit (= 3.7.0.3)
    - AgoraRtcEngine_iOS/ROIEnc (= 3.7.0.3)
    - AgoraRtcEngine_iOS/RtcBasic (= 3.7.0.3)
    - AgoraRtcEngine_iOS/SpatialAudio (= 3.7.0.3)
    - AgoraRtcEngine_iOS/SuperResolution (= 3.7.0.3)
    - AgoraRtcEngine_iOS/VideoPreprocess (= 3.7.0.3)
    - AgoraRtcEngine_iOS/VirtualBackground (= 3.7.0.3)
  - AgoraRtcEngine_iOS/AINS (3.7.0.3)
  - AgoraRtcEngine_iOS/AV1Dec (3.7.0.3)
  - AgoraRtcEngine_iOS/ContentInspect (3.7.0.3)
  - AgoraRtcEngine_iOS/FullAudioFormat (3.7.0.3)
  - AgoraRtcEngine_iOS/ReplayKit (3.7.0.3)
  - AgoraRtcEngine_iOS/ROIEnc (3.7.0.3)
  - AgoraRtcEngine_iOS/RtcBasic (3.7.0.3)
  - AgoraRtcEngine_iOS/SpatialAudio (3.7.0.3)
  - AgoraRtcEngine_iOS/SuperResolution (3.7.0.3)
  - AgoraRtcEngine_iOS/VideoPreprocess (3.7.0.3)
  - AgoraRtcEngine_iOS/VirtualBackground (3.7.0.3)
  - AMap3DMap (9.3.1):
    - AMapFoundation (>= 1.7.0)
  - AMapFoundation (1.7.0)
  - AMapLocation (2.9.0):
    - AMapFoundation (>= 1.7.0)
  - AMapSearch (9.3.1):
    - AMapFoundation (>= 1.7.0)
  - DZNEmptyDataSet (1.8.1)
  - IQKeyboardManager (6.5.10)
  - JXCategoryView (1.6.1)
  - KMNavigationBarTransition (1.1.10)
  - LBXScan/LBXNative (2.5.1):
    - LBXScan/Types (~> 2.2)
  - LBXScan/LBXZXing (2.5.1):
    - LBXScan/Types (~> 2.2)
  - LBXScan/Types (2.5.1)
  - LBXScan/UI (2.5.1):
    - LBXScan/Types (~> 2.2)
  - libPhoneNumber-iOS (0.9.15)
  - Masonry (1.1.0)
  - MJExtension (3.4.1)
  - MJRefresh (3.7.5)
  - MMPopupView-Enhanced (1.0.3):
    - Masonry
  - SDAutoLayout (2.2.0)
  - SDCycleScrollView (1.82):
    - SDWebImage (>= 5.0.0)
  - SDWebImage (5.13.1):
    - SDWebImage/Core (= 5.13.1)
  - SDWebImage/Core (5.13.1)
  - SVProgressHUD (2.2.5)
  - Toast (4.0.0)
  - "UITextView+Placeholder (1.4.0)"
  - XinstallSDK (1.5.7.3)
  - YYText (1.0.7)

DEPENDENCIES:
  - AFNetworking
  - AgoraRtcEngine_iOS
  - AMap3DMap
  - AMapLocation
  - AMapSearch
  - DZNEmptyDataSet
  - IQKeyboardManager
  - JXCategoryView
  - KMNavigationBarTransition
  - LBXScan/LBXNative (~> 2.5.1)
  - LBXScan/LBXZXing (~> 2.5.1)
  - LBXScan/UI (~> 2.5.1)
  - libPhoneNumber-iOS
  - Masonry
  - MJExtension
  - MJRefresh
  - MMPopupView-Enhanced
  - SDAutoLayout (= 2.2.0)
  - SDCycleScrollView
  - SDWebImage
  - SVProgressHUD
  - Toast
  - "UITextView+Placeholder"
  - XinstallSDK
  - YYText

SPEC REPOS:
  trunk:
    - AFNetworking
    - AgoraRtcEngine_iOS
    - AMap3DMap
    - AMapFoundation
    - AMapLocation
    - AMapSearch
    - DZNEmptyDataSet
    - IQKeyboardManager
    - JXCategoryView
    - KMNavigationBarTransition
    - LBXScan
    - libPhoneNumber-iOS
    - Masonry
    - MJExtension
    - MJRefresh
    - MMPopupView-Enhanced
    - SDAutoLayout
    - SDCycleScrollView
    - SDWebImage
    - SVProgressHUD
    - Toast
    - "UITextView+Placeholder"
    - XinstallSDK
    - YYText

SPEC CHECKSUMS:
  AFNetworking: 7864c38297c79aaca1500c33288e429c3451fdce
  AgoraRtcEngine_iOS: 549bb3853d5afb18fabca4197786f39f31141da8
  AMap3DMap: 6e0dd1fdc9bc83603ea9dcdcbc5ff7daf767e411
  AMapFoundation: c14fcebd8e4267c593bd2e25067ac86b0ce64aba
  AMapLocation: f5eb11e11c62f0f599f80b578eec8a1f70deb985
  AMapSearch: 839b25de7af9d61b65266edf64382283b6af54a1
  DZNEmptyDataSet: 9525833b9e68ac21c30253e1d3d7076cc828eaa7
  IQKeyboardManager: 45a1fa55c1a5b02c61ac0fd7fd5b62bb4ad20d97
  JXCategoryView: 7b1ee69ede4843c581688afe84d0f047723262f2
  KMNavigationBarTransition: ceea7a78462b6d9910cf6dba93465a7e9168a1b7
  LBXScan: 90ca10d0c38fb4a5a6980d7782354f3f69f50093
  libPhoneNumber-iOS: 0a32a9525cf8744fe02c5206eb30d571e38f7d75
  Masonry: 678fab65091a9290e40e2832a55e7ab731aad201
  MJExtension: 21c5f6f8c4d5d8844b7ae8fbae08fed0b501f961
  MJRefresh: fdf5e979eb406a0341468932d1dfc8b7f9fce961
  MMPopupView-Enhanced: c7d1020071f77e305c0e393c2a2f7cacd86d5d24
  SDAutoLayout: c5509e77ae75735d9a39f7bc83dba6d3f75d49d8
  SDCycleScrollView: a0d74c3384caa72bdfc81470bdbc8c14b3e1fbcf
  SDWebImage: fb26a455eeda4c7a55e4dcb6172dbb258af7a4ca
  SVProgressHUD: 1428aafac632c1f86f62aa4243ec12008d7a51d6
  Toast: 91b396c56ee72a5790816f40d3a94dd357abc196
  "UITextView+Placeholder": d7b0c400921f66523f3a85d74f774512e14f6502
  XinstallSDK: e0d7dc4786c07b0df5417e7b59978ae22263056c
  YYText: 5c461d709e24d55a182d1441c41dc639a18a4849

PODFILE CHECKSUM: d62ef5431f47cc7f632814f0e1cae61de6187dea

COCOAPODS: 1.14.3
